// !$*UTF8*$!
{
	archiveVersion = 1;
	classes = {
	};
	objectVersion = 56;
	objects = {

/* Begin PBXBuildFile section */
		6B2AE4192BB036210052B856 /* DashboardView.swift in Sources */ = {isa = PBXBuildFile; fileRef = 6B2AE4182BB036210052B856 /* DashboardView.swift */; };
		6B2AE41B2BB0385C0052B856 /* DashboardCooridnator.swift in Sources */ = {isa = PBXBuildFile; fileRef = 6B2AE41A2BB0385C0052B856 /* DashboardCooridnator.swift */; };
		6B2AE41D2BB0812B0052B856 /* DashboardViewModel.swift in Sources */ = {isa = PBXBuildFile; fileRef = 6B2AE41C2BB0812B0052B856 /* DashboardViewModel.swift */; };
		6B2AE4202BB087480052B856 /* LNButton.swift in Sources */ = {isa = PBXBuildFile; fileRef = 6B2AE41F2BB087480052B856 /* LNButton.swift */; };
		6B2AE4222BB094AA0052B856 /* LNButtonStyle.swift in Sources */ = {isa = PBXBuildFile; fileRef = 6B2AE4212BB094AA0052B856 /* LNButtonStyle.swift */; };
		6B3825212BADEBC0002461C2 /* StartupView.swift in Sources */ = {isa = PBXBuildFile; fileRef = 6B3825202BADEBC0002461C2 /* StartupView.swift */; };
		6B3825232BADEBE0002461C2 /* AppCoordinator.swift in Sources */ = {isa = PBXBuildFile; fileRef = 6B3825222BADEBE0002461C2 /* AppCoordinator.swift */; };
		6B3825252BADF0AA002461C2 /* LoginViewModal.swift in Sources */ = {isa = PBXBuildFile; fileRef = 6B3825242BADF0AA002461C2 /* LoginViewModal.swift */; };
		6B3825282BADFE08002461C2 /* Cordinator.swift in Sources */ = {isa = PBXBuildFile; fileRef = 6B3825272BADFE08002461C2 /* Cordinator.swift */; };
		6BA51C5B2BA4C3CD00C347AD /* lernenApp.swift in Sources */ = {isa = PBXBuildFile; fileRef = 6BA51C5A2BA4C3CD00C347AD /* lernenApp.swift */; };
		6BA51C5D2BA4C3CD00C347AD /* ContentView.swift in Sources */ = {isa = PBXBuildFile; fileRef = 6BA51C5C2BA4C3CD00C347AD /* ContentView.swift */; };
		6BA51C5F2BA4C3CD00C347AD /* Item.swift in Sources */ = {isa = PBXBuildFile; fileRef = 6BA51C5E2BA4C3CD00C347AD /* Item.swift */; };
		6BA51C612BA4C3CE00C347AD /* Assets.xcassets in Resources */ = {isa = PBXBuildFile; fileRef = 6BA51C602BA4C3CE00C347AD /* Assets.xcassets */; };
		6BA51C642BA4C3CE00C347AD /* Preview Assets.xcassets in Resources */ = {isa = PBXBuildFile; fileRef = 6BA51C632BA4C3CE00C347AD /* Preview Assets.xcassets */; };
		6BA51C6E2BA4C3CE00C347AD /* lernenTests.swift in Sources */ = {isa = PBXBuildFile; fileRef = 6BA51C6D2BA4C3CE00C347AD /* lernenTests.swift */; };
		6BA51C782BA4C3CE00C347AD /* lernenUITests.swift in Sources */ = {isa = PBXBuildFile; fileRef = 6BA51C772BA4C3CE00C347AD /* lernenUITests.swift */; };
		6BA51C7A2BA4C3CE00C347AD /* lernenUITestsLaunchTests.swift in Sources */ = {isa = PBXBuildFile; fileRef = 6BA51C792BA4C3CE00C347AD /* lernenUITestsLaunchTests.swift */; };
/* End PBXBuildFile section */

/* Begin PBXContainerItemProxy section */
		6BA51C6A2BA4C3CE00C347AD /* PBXContainerItemProxy */ = {
			isa = PBXContainerItemProxy;
			containerPortal = 6BA51C4F2BA4C3CD00C347AD /* Project object */;
			proxyType = 1;
			remoteGlobalIDString = 6BA51C562BA4C3CD00C347AD;
			remoteInfo = lernen;
		};
		6BA51C742BA4C3CE00C347AD /* PBXContainerItemProxy */ = {
			isa = PBXContainerItemProxy;
			containerPortal = 6BA51C4F2BA4C3CD00C347AD /* Project object */;
			proxyType = 1;
			remoteGlobalIDString = 6BA51C562BA4C3CD00C347AD;
			remoteInfo = lernen;
		};
/* End PBXContainerItemProxy section */

/* Begin PBXFileReference section */
		6B2AE4182BB036210052B856 /* DashboardView.swift */ = {isa = PBXFileReference; lastKnownFileType = sourcecode.swift; path = DashboardView.swift; sourceTree = "<group>"; };
		6B2AE41A2BB0385C0052B856 /* DashboardCooridnator.swift */ = {isa = PBXFileReference; lastKnownFileType = sourcecode.swift; path = DashboardCooridnator.swift; sourceTree = "<group>"; };
		6B2AE41C2BB0812B0052B856 /* DashboardViewModel.swift */ = {isa = PBXFileReference; lastKnownFileType = sourcecode.swift; path = DashboardViewModel.swift; sourceTree = "<group>"; };
		6B2AE41F2BB087480052B856 /* LNButton.swift */ = {isa = PBXFileReference; lastKnownFileType = sourcecode.swift; path = LNButton.swift; sourceTree = "<group>"; };
		6B2AE4212BB094AA0052B856 /* LNButtonStyle.swift */ = {isa = PBXFileReference; lastKnownFileType = sourcecode.swift; path = LNButtonStyle.swift; sourceTree = "<group>"; };
		6B3825202BADEBC0002461C2 /* StartupView.swift */ = {isa = PBXFileReference; lastKnownFileType = sourcecode.swift; path = StartupView.swift; sourceTree = "<group>"; };
		6B3825222BADEBE0002461C2 /* AppCoordinator.swift */ = {isa = PBXFileReference; lastKnownFileType = sourcecode.swift; path = AppCoordinator.swift; sourceTree = "<group>"; };
		6B3825242BADF0AA002461C2 /* LoginViewModal.swift */ = {isa = PBXFileReference; lastKnownFileType = sourcecode.swift; path = LoginViewModal.swift; sourceTree = "<group>"; };
		6B3825272BADFE08002461C2 /* Cordinator.swift */ = {isa = PBXFileReference; lastKnownFileType = sourcecode.swift; path = Cordinator.swift; sourceTree = "<group>"; };
		6BA51C572BA4C3CD00C347AD /* lernen.app */ = {isa = PBXFileReference; explicitFileType = wrapper.application; includeInIndex = 0; path = lernen.app; sourceTree = BUILT_PRODUCTS_DIR; };
		6BA51C5A2BA4C3CD00C347AD /* lernenApp.swift */ = {isa = PBXFileReference; lastKnownFileType = sourcecode.swift; path = lernenApp.swift; sourceTree = "<group>"; };
		6BA51C5C2BA4C3CD00C347AD /* ContentView.swift */ = {isa = PBXFileReference; lastKnownFileType = sourcecode.swift; path = ContentView.swift; sourceTree = "<group>"; };
		6BA51C5E2BA4C3CD00C347AD /* Item.swift */ = {isa = PBXFileReference; lastKnownFileType = sourcecode.swift; path = Item.swift; sourceTree = "<group>"; };
		6BA51C602BA4C3CE00C347AD /* Assets.xcassets */ = {isa = PBXFileReference; lastKnownFileType = folder.assetcatalog; path = Assets.xcassets; sourceTree = "<group>"; };
		6BA51C632BA4C3CE00C347AD /* Preview Assets.xcassets */ = {isa = PBXFileReference; lastKnownFileType = folder.assetcatalog; path = "Preview Assets.xcassets"; sourceTree = "<group>"; };
		6BA51C692BA4C3CE00C347AD /* lernenTests.xctest */ = {isa = PBXFileReference; explicitFileType = wrapper.cfbundle; includeInIndex = 0; path = lernenTests.xctest; sourceTree = BUILT_PRODUCTS_DIR; };
		6BA51C6D2BA4C3CE00C347AD /* lernenTests.swift */ = {isa = PBXFileReference; lastKnownFileType = sourcecode.swift; path = lernenTests.swift; sourceTree = "<group>"; };
		6BA51C732BA4C3CE00C347AD /* lernenUITests.xctest */ = {isa = PBXFileReference; explicitFileType = wrapper.cfbundle; includeInIndex = 0; path = lernenUITests.xctest; sourceTree = BUILT_PRODUCTS_DIR; };
		6BA51C772BA4C3CE00C347AD /* lernenUITests.swift */ = {isa = PBXFileReference; lastKnownFileType = sourcecode.swift; path = lernenUITests.swift; sourceTree = "<group>"; };
		6BA51C792BA4C3CE00C347AD /* lernenUITestsLaunchTests.swift */ = {isa = PBXFileReference; lastKnownFileType = sourcecode.swift; path = lernenUITestsLaunchTests.swift; sourceTree = "<group>"; };
/* End PBXFileReference section */

/* Begin PBXFrameworksBuildPhase section */
		6BA51C542BA4C3CD00C347AD /* Frameworks */ = {
			isa = PBXFrameworksBuildPhase;
			buildActionMask = 2147483647;
			files = (
			);
			runOnlyForDeploymentPostprocessing = 0;
		};
		6BA51C662BA4C3CE00C347AD /* Frameworks */ = {
			isa = PBXFrameworksBuildPhase;
			buildActionMask = 2147483647;
			files = (
			);
			runOnlyForDeploymentPostprocessing = 0;
		};
		6BA51C702BA4C3CE00C347AD /* Frameworks */ = {
			isa = PBXFrameworksBuildPhase;
			buildActionMask = 2147483647;
			files = (
			);
			runOnlyForDeploymentPostprocessing = 0;
		};
/* End PBXFrameworksBuildPhase section */

/* Begin PBXGroup section */
		6B2AE4172BB036030052B856 /* Dashboard */ = {
			isa = PBXGroup;
			children = (
				6B2AE4182BB036210052B856 /* DashboardView.swift */,
				6B2AE41A2BB0385C0052B856 /* DashboardCooridnator.swift */,
				6B2AE41C2BB0812B0052B856 /* DashboardViewModel.swift */,
			);
			path = Dashboard;
			sourceTree = "<group>";
		};
		6B2AE41E2BB087220052B856 /* UIElements */ = {
			isa = PBXGroup;
			children = (
				6B2AE41F2BB087480052B856 /* LNButton.swift */,
				6B2AE4212BB094AA0052B856 /* LNButtonStyle.swift */,
			);
			path = UIElements;
			sourceTree = "<group>";
		};
		6B38251C2BADE93C002461C2 /* Modules */ = {
			isa = PBXGroup;
			children = (
				6B2AE4172BB036030052B856 /* Dashboard */,
				6B38251D2BADEB63002461C2 /* Statup */,
			);
			path = Modules;
			sourceTree = "<group>";
		};
		6B38251D2BADEB63002461C2 /* Statup */ = {
			isa = PBXGroup;
			children = (
				6B3825202BADEBC0002461C2 /* StartupView.swift */,
				6B3825242BADF0AA002461C2 /* LoginViewModal.swift */,
			);
			path = Statup;
			sourceTree = "<group>";
		};
		6B3825262BADFDEC002461C2 /* Protocol */ = {
			isa = PBXGroup;
			children = (
				6B3825272BADFE08002461C2 /* Cordinator.swift */,
			);
			path = Protocol;
			sourceTree = "<group>";
		};
		6BA51C4E2BA4C3CD00C347AD = {
			isa = PBXGroup;
			children = (
				6BA51C592BA4C3CD00C347AD /* lernen */,
				6BA51C6C2BA4C3CE00C347AD /* lernenTests */,
				6BA51C762BA4C3CE00C347AD /* lernenUITests */,
				6BA51C582BA4C3CD00C347AD /* Products */,
			);
			sourceTree = "<group>";
		};
		6BA51C582BA4C3CD00C347AD /* Products */ = {
			isa = PBXGroup;
			children = (
				6BA51C572BA4C3CD00C347AD /* lernen.app */,
				6BA51C692BA4C3CE00C347AD /* lernenTests.xctest */,
				6BA51C732BA4C3CE00C347AD /* lernenUITests.xctest */,
			);
			name = Products;
			sourceTree = "<group>";
		};
		6BA51C592BA4C3CD00C347AD /* lernen */ = {
			isa = PBXGroup;
			children = (
				6B2AE41E2BB087220052B856 /* UIElements */,
				6B3825262BADFDEC002461C2 /* Protocol */,
				6B38251C2BADE93C002461C2 /* Modules */,
				6BA51C5A2BA4C3CD00C347AD /* lernenApp.swift */,
				6B3825222BADEBE0002461C2 /* AppCoordinator.swift */,
				6BA51C5C2BA4C3CD00C347AD /* ContentView.swift */,
				6BA51C5E2BA4C3CD00C347AD /* Item.swift */,
				6BA51C602BA4C3CE00C347AD /* Assets.xcassets */,
				6BA51C622BA4C3CE00C347AD /* Preview Content */,
			);
			path = lernen;
			sourceTree = "<group>";
		};
		6BA51C622BA4C3CE00C347AD /* Preview Content */ = {
			isa = PBXGroup;
			children = (
				6BA51C632BA4C3CE00C347AD /* Preview Assets.xcassets */,
			);
			path = "Preview Content";
			sourceTree = "<group>";
		};
		6BA51C6C2BA4C3CE00C347AD /* lernenTests */ = {
			isa = PBXGroup;
			children = (
				6BA51C6D2BA4C3CE00C347AD /* lernenTests.swift */,
			);
			path = lernenTests;
			sourceTree = "<group>";
		};
		6BA51C762BA4C3CE00C347AD /* lernenUITests */ = {
			isa = PBXGroup;
			children = (
				6BA51C772BA4C3CE00C347AD /* lernenUITests.swift */,
				6BA51C792BA4C3CE00C347AD /* lernenUITestsLaunchTests.swift */,
			);
			path = lernenUITests;
			sourceTree = "<group>";
		};
/* End PBXGroup section */

/* Begin PBXNativeTarget section */
		6BA51C562BA4C3CD00C347AD /* lernen */ = {
			isa = PBXNativeTarget;
			buildConfigurationList = 6BA51C7D2BA4C3CE00C347AD /* Build configuration list for PBXNativeTarget "lernen" */;
			buildPhases = (
				6BA51C532BA4C3CD00C347AD /* Sources */,
				6BA51C542BA4C3CD00C347AD /* Frameworks */,
				6BA51C552BA4C3CD00C347AD /* Resources */,
			);
			buildRules = (
			);
			dependencies = (
			);
			name = lernen;
			productName = lernen;
			productReference = 6BA51C572BA4C3CD00C347AD /* lernen.app */;
			productType = "com.apple.product-type.application";
		};
		6BA51C682BA4C3CE00C347AD /* lernenTests */ = {
			isa = PBXNativeTarget;
			buildConfigurationList = 6BA51C802BA4C3CE00C347AD /* Build configuration list for PBXNativeTarget "lernenTests" */;
			buildPhases = (
				6BA51C652BA4C3CE00C347AD /* Sources */,
				6BA51C662BA4C3CE00C347AD /* Frameworks */,
				6BA51C672BA4C3CE00C347AD /* Resources */,
			);
			buildRules = (
			);
			dependencies = (
				6BA51C6B2BA4C3CE00C347AD /* PBXTargetDependency */,
			);
			name = lernenTests;
			productName = lernenTests;
			productReference = 6BA51C692BA4C3CE00C347AD /* lernenTests.xctest */;
			productType = "com.apple.product-type.bundle.unit-test";
		};
		6BA51C722BA4C3CE00C347AD /* lernenUITests */ = {
			isa = PBXNativeTarget;
			buildConfigurationList = 6BA51C832BA4C3CE00C347AD /* Build configuration list for PBXNativeTarget "lernenUITests" */;
			buildPhases = (
				6BA51C6F2BA4C3CE00C347AD /* Sources */,
				6BA51C702BA4C3CE00C347AD /* Frameworks */,
				6BA51C712BA4C3CE00C347AD /* Resources */,
			);
			buildRules = (
			);
			dependencies = (
				6BA51C752BA4C3CE00C347AD /* PBXTargetDependency */,
			);
			name = lernenUITests;
			productName = lernenUITests;
			productReference = 6BA51C732BA4C3CE00C347AD /* lernenUITests.xctest */;
			productType = "com.apple.product-type.bundle.ui-testing";
		};
/* End PBXNativeTarget section */

/* Begin PBXProject section */
		6BA51C4F2BA4C3CD00C347AD /* Project object */ = {
			isa = PBXProject;
			attributes = {
				BuildIndependentTargetsInParallel = 1;
				LastSwiftUpdateCheck = 1510;
				LastUpgradeCheck = 1510;
				TargetAttributes = {
					6BA51C562BA4C3CD00C347AD = {
						CreatedOnToolsVersion = 15.1;
					};
					6BA51C682BA4C3CE00C347AD = {
						CreatedOnToolsVersion = 15.1;
						TestTargetID = 6BA51C562BA4C3CD00C347AD;
					};
					6BA51C722BA4C3CE00C347AD = {
						CreatedOnToolsVersion = 15.1;
						TestTargetID = 6BA51C562BA4C3CD00C347AD;
					};
				};
			};
			buildConfigurationList = 6BA51C522BA4C3CD00C347AD /* Build configuration list for PBXProject "lernen" */;
			compatibilityVersion = "Xcode 14.0";
			developmentRegion = en;
			hasScannedForEncodings = 0;
			knownRegions = (
				en,
				Base,
			);
			mainGroup = 6BA51C4E2BA4C3CD00C347AD;
			productRefGroup = 6BA51C582BA4C3CD00C347AD /* Products */;
			projectDirPath = "";
			projectRoot = "";
			targets = (
				6BA51C562BA4C3CD00C347AD /* lernen */,
				6BA51C682BA4C3CE00C347AD /* lernenTests */,
				6BA51C722BA4C3CE00C347AD /* lernenUITests */,
			);
		};
/* End PBXProject section */

/* Begin PBXResourcesBuildPhase section */
		6BA51C552BA4C3CD00C347AD /* Resources */ = {
			isa = PBXResourcesBuildPhase;
			buildActionMask = 2147483647;
			files = (
				6BA51C642BA4C3CE00C347AD /* Preview Assets.xcassets in Resources */,
				6BA51C612BA4C3CE00C347AD /* Assets.xcassets in Resources */,
			);
			runOnlyForDeploymentPostprocessing = 0;
		};
		6BA51C672BA4C3CE00C347AD /* Resources */ = {
			isa = PBXResourcesBuildPhase;
			buildActionMask = 2147483647;
			files = (
			);
			runOnlyForDeploymentPostprocessing = 0;
		};
		6BA51C712BA4C3CE00C347AD /* Resources */ = {
			isa = PBXResourcesBuildPhase;
			buildActionMask = 2147483647;
			files = (
			);
			runOnlyForDeploymentPostprocessing = 0;
		};
/* End PBXResourcesBuildPhase section */

/* Begin PBXSourcesBuildPhase section */
		6BA51C532BA4C3CD00C347AD /* Sources */ = {
			isa = PBXSourcesBuildPhase;
			buildActionMask = 2147483647;
			files = (
				6B3825282BADFE08002461C2 /* Cordinator.swift in Sources */,
				6B2AE4222BB094AA0052B856 /* LNButtonStyle.swift in Sources */,
				6B2AE41D2BB0812B0052B856 /* DashboardViewModel.swift in Sources */,
				6B2AE4192BB036210052B856 /* DashboardView.swift in Sources */,
				6B3825232BADEBE0002461C2 /* AppCoordinator.swift in Sources */,
				6BA51C5D2BA4C3CD00C347AD /* ContentView.swift in Sources */,
				6BA51C5F2BA4C3CD00C347AD /* Item.swift in Sources */,
				6B2AE41B2BB0385C0052B856 /* DashboardCooridnator.swift in Sources */,
				6B3825212BADEBC0002461C2 /* StartupView.swift in Sources */,
				6B3825252BADF0AA002461C2 /* LoginViewModal.swift in Sources */,
				6B2AE4202BB087480052B856 /* LNButton.swift in Sources */,
				6BA51C5B2BA4C3CD00C347AD /* lernenApp.swift in Sources */,
			);
			runOnlyForDeploymentPostprocessing = 0;
		};
		6BA51C652BA4C3CE00C347AD /* Sources */ = {
			isa = PBXSourcesBuildPhase;
			buildActionMask = 2147483647;
			files = (
				6BA51C6E2BA4C3CE00C347AD /* lernenTests.swift in Sources */,
			);
			runOnlyForDeploymentPostprocessing = 0;
		};
		6BA51C6F2BA4C3CE00C347AD /* Sources */ = {
			isa = PBXSourcesBuildPhase;
			buildActionMask = 2147483647;
			files = (
				6BA51C7A2BA4C3CE00C347AD /* lernenUITestsLaunchTests.swift in Sources */,
				6BA51C782BA4C3CE00C347AD /* lernenUITests.swift in Sources */,
			);
			runOnlyForDeploymentPostprocessing = 0;
		};
/* End PBXSourcesBuildPhase section */

/* Begin PBXTargetDependency section */
		6BA51C6B2BA4C3CE00C347AD /* PBXTargetDependency */ = {
			isa = PBXTargetDependency;
			target = 6BA51C562BA4C3CD00C347AD /* lernen */;
			targetProxy = 6BA51C6A2BA4C3CE00C347AD /* PBXContainerItemProxy */;
		};
		6BA51C752BA4C3CE00C347AD /* PBXTargetDependency */ = {
			isa = PBXTargetDependency;
			target = 6BA51C562BA4C3CD00C347AD /* lernen */;
			targetProxy = 6BA51C742BA4C3CE00C347AD /* PBXContainerItemProxy */;
		};
/* End PBXTargetDependency section */

/* Begin XCBuildConfiguration section */
		6BA51C7B2BA4C3CE00C347AD /* Debug */ = {
			isa = XCBuildConfiguration;
			buildSettings = {
				ALWAYS_SEARCH_USER_PATHS = NO;
				ASSETCATALOG_COMPILER_GENERATE_SWIFT_ASSET_SYMBOL_EXTENSIONS = YES;
				CLANG_ANALYZER_NONNULL = YES;
				CLANG_ANALYZER_NUMBER_OBJECT_CONVERSION = YES_AGGRESSIVE;
				CLANG_CXX_LANGUAGE_STANDARD = "gnu++20";
				CLANG_ENABLE_MODULES = YES;
				CLANG_ENABLE_OBJC_ARC = YES;
				CLANG_ENABLE_OBJC_WEAK = YES;
				CLANG_WARN_BLOCK_CAPTURE_AUTORELEASING = YES;
				CLANG_WARN_BOOL_CONVERSION = YES;
				CLANG_WARN_COMMA = YES;
				CLANG_WARN_CONSTANT_CONVERSION = YES;
				CLANG_WARN_DEPRECATED_OBJC_IMPLEMENTATIONS = YES;
				CLANG_WARN_DIRECT_OBJC_ISA_USAGE = YES_ERROR;
				CLANG_WARN_DOCUMENTATION_COMMENTS = YES;
				CLANG_WARN_EMPTY_BODY = YES;
				CLANG_WARN_ENUM_CONVERSION = YES;
				CLANG_WARN_INFINITE_RECURSION = YES;
				CLANG_WARN_INT_CONVERSION = YES;
				CLANG_WARN_NON_LITERAL_NULL_CONVERSION = YES;
				CLANG_WARN_OBJC_IMPLICIT_RETAIN_SELF = YES;
				CLANG_WARN_OBJC_LITERAL_CONVERSION = YES;
				CLANG_WARN_OBJC_ROOT_CLASS = YES_ERROR;
				CLANG_WARN_QUOTED_INCLUDE_IN_FRAMEWORK_HEADER = YES;
				CLANG_WARN_RANGE_LOOP_ANALYSIS = YES;
				CLANG_WARN_STRICT_PROTOTYPES = YES;
				CLANG_WARN_SUSPICIOUS_MOVE = YES;
				CLANG_WARN_UNGUARDED_AVAILABILITY = YES_AGGRESSIVE;
				CLANG_WARN_UNREACHABLE_CODE = YES;
				CLANG_WARN__DUPLICATE_METHOD_MATCH = YES;
				COPY_PHASE_STRIP = NO;
				DEBUG_INFORMATION_FORMAT = dwarf;
				ENABLE_STRICT_OBJC_MSGSEND = YES;
				ENABLE_TESTABILITY = YES;
				ENABLE_USER_SCRIPT_SANDBOXING = YES;
				GCC_C_LANGUAGE_STANDARD = gnu17;
				GCC_DYNAMIC_NO_PIC = NO;
				GCC_NO_COMMON_BLOCKS = YES;
				GCC_OPTIMIZATION_LEVEL = 0;
				GCC_PREPROCESSOR_DEFINITIONS = (
					"DEBUG=1",
					"$(inherited)",
				);
				GCC_WARN_64_TO_32_BIT_CONVERSION = YES;
				GCC_WARN_ABOUT_RETURN_TYPE = YES_ERROR;
				GCC_WARN_UNDECLARED_SELECTOR = YES;
				GCC_WARN_UNINITIALIZED_AUTOS = YES_AGGRESSIVE;
				GCC_WARN_UNUSED_FUNCTION = YES;
				GCC_WARN_UNUSED_VARIABLE = YES;
				IPHONEOS_DEPLOYMENT_TARGET = 17.2;
				LOCALIZATION_PREFERS_STRING_CATALOGS = YES;
				MTL_ENABLE_DEBUG_INFO = INCLUDE_SOURCE;
				MTL_FAST_MATH = YES;
				ONLY_ACTIVE_ARCH = YES;
				SDKROOT = iphoneos;
				SWIFT_ACTIVE_COMPILATION_CONDITIONS = "DEBUG $(inherited)";
				SWIFT_OPTIMIZATION_LEVEL = "-Onone";
			};
			name = Debug;
		};
		6BA51C7C2BA4C3CE00C347AD /* Release */ = {
			isa = XCBuildConfiguration;
			buildSettings = {
				ALWAYS_SEARCH_USER_PATHS = NO;
				ASSETCATALOG_COMPILER_GENERATE_SWIFT_ASSET_SYMBOL_EXTENSIONS = YES;
				CLANG_ANALYZER_NONNULL = YES;
				CLANG_ANALYZER_NUMBER_OBJECT_CONVERSION = YES_AGGRESSIVE;
				CLANG_CXX_LANGUAGE_STANDARD = "gnu++20";
				CLANG_ENABLE_MODULES = YES;
				CLANG_ENABLE_OBJC_ARC = YES;
				CLANG_ENABLE_OBJC_WEAK = YES;
				CLANG_WARN_BLOCK_CAPTURE_AUTORELEASING = YES;
				CLANG_WARN_BOOL_CONVERSION = YES;
				CLANG_WARN_COMMA = YES;
				CLANG_WARN_CONSTANT_CONVERSION = YES;
				CLANG_WARN_DEPRECATED_OBJC_IMPLEMENTATIONS = YES;
				CLANG_WARN_DIRECT_OBJC_ISA_USAGE = YES_ERROR;
				CLANG_WARN_DOCUMENTATION_COMMENTS = YES;
				CLANG_WARN_EMPTY_BODY = YES;
				CLANG_WARN_ENUM_CONVERSION = YES;
				CLANG_WARN_INFINITE_RECURSION = YES;
				CLANG_WARN_INT_CONVERSION = YES;
				CLANG_WARN_NON_LITERAL_NULL_CONVERSION = YES;
				CLANG_WARN_OBJC_IMPLICIT_RETAIN_SELF = YES;
				CLANG_WARN_OBJC_LITERAL_CONVERSION = YES;
				CLANG_WARN_OBJC_ROOT_CLASS = YES_ERROR;
				CLANG_WARN_QUOTED_INCLUDE_IN_FRAMEWORK_HEADER = YES;
				CLANG_WARN_RANGE_LOOP_ANALYSIS = YES;
				CLANG_WARN_STRICT_PROTOTYPES = YES;
				CLANG_WARN_SUSPICIOUS_MOVE = YES;
				CLANG_WARN_UNGUARDED_AVAILABILITY = YES_AGGRESSIVE;
				CLANG_WARN_UNREACHABLE_CODE = YES;
				CLANG_WARN__DUPLICATE_METHOD_MATCH = YES;
				COPY_PHASE_STRIP = NO;
				DEBUG_INFORMATION_FORMAT = "dwarf-with-dsym";
				ENABLE_NS_ASSERTIONS = NO;
				ENABLE_STRICT_OBJC_MSGSEND = YES;
				ENABLE_USER_SCRIPT_SANDBOXING = YES;
				GCC_C_LANGUAGE_STANDARD = gnu17;
				GCC_NO_COMMON_BLOCKS = YES;
				GCC_WARN_64_TO_32_BIT_CONVERSION = YES;
				GCC_WARN_ABOUT_RETURN_TYPE = YES_ERROR;
				GCC_WARN_UNDECLARED_SELECTOR = YES;
				GCC_WARN_UNINITIALIZED_AUTOS = YES_AGGRESSIVE;
				GCC_WARN_UNUSED_FUNCTION = YES;
				GCC_WARN_UNUSED_VARIABLE = YES;
				IPHONEOS_DEPLOYMENT_TARGET = 17.2;
				LOCALIZATION_PREFERS_STRING_CATALOGS = YES;
				MTL_ENABLE_DEBUG_INFO = NO;
				MTL_FAST_MATH = YES;
				SDKROOT = iphoneos;
				SWIFT_COMPILATION_MODE = wholemodule;
				VALIDATE_PRODUCT = YES;
			};
			name = Release;
		};
		6BA51C7E2BA4C3CE00C347AD /* Debug */ = {
			isa = XCBuildConfiguration;
			buildSettings = {
				ASSETCATALOG_COMPILER_APPICON_NAME = AppIcon;
				ASSETCATALOG_COMPILER_GLOBAL_ACCENT_COLOR_NAME = AccentColor;
				CODE_SIGN_STYLE = Automatic;
				CURRENT_PROJECT_VERSION = 1;
				DEVELOPMENT_ASSET_PATHS = "\"lernen/Preview Content\"";
				DEVELOPMENT_TEAM = KPJ5MCVMCU;
				ENABLE_PREVIEWS = YES;
				GENERATE_INFOPLIST_FILE = YES;
				INFOPLIST_KEY_UIApplicationSceneManifest_Generation = YES;
				INFOPLIST_KEY_UIApplicationSupportsIndirectInputEvents = YES;
				INFOPLIST_KEY_UILaunchScreen_Generation = YES;
				INFOPLIST_KEY_UISupportedInterfaceOrientations_iPad = "UIInterfaceOrientationPortrait UIInterfaceOrientationPortraitUpsideDown UIInterfaceOrientationLandscapeLeft UIInterfaceOrientationLandscapeRight";
				INFOPLIST_KEY_UISupportedInterfaceOrientations_iPhone = "UIInterfaceOrientationPortrait UIInterfaceOrientationLandscapeLeft UIInterfaceOrientationLandscapeRight";
				LD_RUNPATH_SEARCH_PATHS = (
					"$(inherited)",
					"@executable_path/Frameworks",
				);
				MARKETING_VERSION = 1.0;
				PRODUCT_BUNDLE_IDENTIFIER = com.lernen.lernen;
				PRODUCT_NAME = "$(TARGET_NAME)";
				SWIFT_EMIT_LOC_STRINGS = YES;
				SWIFT_VERSION = 5.0;
				TARGETED_DEVICE_FAMILY = "1,2";
			};
			name = Debug;
		};
		6BA51C7F2BA4C3CE00C347AD /* Release */ = {
			isa = XCBuildConfiguration;
			buildSettings = {
				ASSETCATALOG_COMPILER_APPICON_NAME = AppIcon;
				ASSETCATALOG_COMPILER_GLOBAL_ACCENT_COLOR_NAME = AccentColor;
				CODE_SIGN_STYLE = Automatic;
				CURRENT_PROJECT_VERSION = 1;
				DEVELOPMENT_ASSET_PATHS = "\"lernen/Preview Content\"";
				DEVELOPMENT_TEAM = KPJ5MCVMCU;
				ENABLE_PREVIEWS = YES;
				GENERATE_INFOPLIST_FILE = YES;
				INFOPLIST_KEY_UIApplicationSceneManifest_Generation = YES;
				INFOPLIST_KEY_UIApplicationSupportsIndirectInputEvents = YES;
				INFOPLIST_KEY_UILaunchScreen_Generation = YES;
				INFOPLIST_KEY_UISupportedInterfaceOrientations_iPad = "UIInterfaceOrientationPortrait UIInterfaceOrientationPortraitUpsideDown UIInterfaceOrientationLandscapeLeft UIInterfaceOrientationLandscapeRight";
				INFOPLIST_KEY_UISupportedInterfaceOrientations_iPhone = "UIInterfaceOrientationPortrait UIInterfaceOrientationLandscapeLeft UIInterfaceOrientationLandscapeRight";
				LD_RUNPATH_SEARCH_PATHS = (
					"$(inherited)",
					"@executable_path/Frameworks",
				);
				MARKETING_VERSION = 1.0;
				PRODUCT_BUNDLE_IDENTIFIER = com.lernen.lernen;
				PRODUCT_NAME = "$(TARGET_NAME)";
				SWIFT_EMIT_LOC_STRINGS = YES;
				SWIFT_VERSION = 5.0;
				TARGETED_DEVICE_FAMILY = "1,2";
			};
			name = Release;
		};
		6BA51C812BA4C3CE00C347AD /* Debug */ = {
			isa = XCBuildConfiguration;
			buildSettings = {
				ALWAYS_EMBED_SWIFT_STANDARD_LIBRARIES = YES;
				BUNDLE_LOADER = "$(TEST_HOST)";
				CODE_SIGN_STYLE = Automatic;
				CURRENT_PROJECT_VERSION = 1;
				DEVELOPMENT_TEAM = KPJ5MCVMCU;
				GENERATE_INFOPLIST_FILE = YES;
				IPHONEOS_DEPLOYMENT_TARGET = 17.2;
				MARKETING_VERSION = 1.0;
				PRODUCT_BUNDLE_IDENTIFIER = com.lernen.lernenTests;
				PRODUCT_NAME = "$(TARGET_NAME)";
				SWIFT_EMIT_LOC_STRINGS = NO;
				SWIFT_VERSION = 5.0;
				TARGETED_DEVICE_FAMILY = "1,2";
				TEST_HOST = "$(BUILT_PRODUCTS_DIR)/lernen.app/$(BUNDLE_EXECUTABLE_FOLDER_PATH)/lernen";
			};
			name = Debug;
		};
		6BA51C822BA4C3CE00C347AD /* Release */ = {
			isa = XCBuildConfiguration;
			buildSettings = {
				ALWAYS_EMBED_SWIFT_STANDARD_LIBRARIES = YES;
				BUNDLE_LOADER = "$(TEST_HOST)";
				CODE_SIGN_STYLE = Automatic;
				CURRENT_PROJECT_VERSION = 1;
				DEVELOPMENT_TEAM = KPJ5MCVMCU;
				GENERATE_INFOPLIST_FILE = YES;
				IPHONEOS_DEPLOYMENT_TARGET = 17.2;
				MARKETING_VERSION = 1.0;
				PRODUCT_BUNDLE_IDENTIFIER = com.lernen.lernenTests;
				PRODUCT_NAME = "$(TARGET_NAME)";
				SWIFT_EMIT_LOC_STRINGS = NO;
				SWIFT_VERSION = 5.0;
				TARGETED_DEVICE_FAMILY = "1,2";
				TEST_HOST = "$(BUILT_PRODUCTS_DIR)/lernen.app/$(BUNDLE_EXECUTABLE_FOLDER_PATH)/lernen";
			};
			name = Release;
		};
		6BA51C842BA4C3CE00C347AD /* Debug */ = {
			isa = XCBuildConfiguration;
			buildSettings = {
				ALWAYS_EMBED_SWIFT_STANDARD_LIBRARIES = YES;
				CODE_SIGN_STYLE = Automatic;
				CURRENT_PROJECT_VERSION = 1;
				DEVELOPMENT_TEAM = KPJ5MCVMCU;
				GENERATE_INFOPLIST_FILE = YES;
				MARKETING_VERSION = 1.0;
				PRODUCT_BUNDLE_IDENTIFIER = com.lernen.lernenUITests;
				PRODUCT_NAME = "$(TARGET_NAME)";
				SWIFT_EMIT_LOC_STRINGS = NO;
				SWIFT_VERSION = 5.0;
				TARGETED_DEVICE_FAMILY = "1,2";
				TEST_TARGET_NAME = lernen;
			};
			name = Debug;
		};
		6BA51C852BA4C3CE00C347AD /* Release */ = {
			isa = XCBuildConfiguration;
			buildSettings = {
				ALWAYS_EMBED_SWIFT_STANDARD_LIBRARIES = YES;
				CODE_SIGN_STYLE = Automatic;
				CURRENT_PROJECT_VERSION = 1;
				DEVELOPMENT_TEAM = KPJ5MCVMCU;
				GENERATE_INFOPLIST_FILE = YES;
				MARKETING_VERSION = 1.0;
				PRODUCT_BUNDLE_IDENTIFIER = com.lernen.lernenUITests;
				PRODUCT_NAME = "$(TARGET_NAME)";
				SWIFT_EMIT_LOC_STRINGS = NO;
				SWIFT_VERSION = 5.0;
				TARGETED_DEVICE_FAMILY = "1,2";
				TEST_TARGET_NAME = lernen;
			};
			name = Release;
		};
/* End XCBuildConfiguration section */

/* Begin XCConfigurationList section */
		6BA51C522BA4C3CD00C347AD /* Build configuration list for PBXProject "lernen" */ = {
			isa = XCConfigurationList;
			buildConfigurations = (
				6BA51C7B2BA4C3CE00C347AD /* Debug */,
				6BA51C7C2BA4C3CE00C347AD /* Release */,
			);
			defaultConfigurationIsVisible = 0;
			defaultConfigurationName = Release;
		};
		6BA51C7D2BA4C3CE00C347AD /* Build configuration list for PBXNativeTarget "lernen" */ = {
			isa = XCConfigurationList;
			buildConfigurations = (
				6BA51C7E2BA4C3CE00C347AD /* Debug */,
				6BA51C7F2BA4C3CE00C347AD /* Release */,
			);
			defaultConfigurationIsVisible = 0;
			defaultConfigurationName = Release;
		};
		6BA51C802BA4C3CE00C347AD /* Build configuration list for PBXNativeTarget "lernenTests" */ = {
			isa = XCConfigurationList;
			buildConfigurations = (
				6BA51C812BA4C3CE00C347AD /* Debug */,
				6BA51C822BA4C3CE00C347AD /* Release */,
			);
			defaultConfigurationIsVisible = 0;
			defaultConfigurationName = Release;
		};
		6BA51C832BA4C3CE00C347AD /* Build configuration list for PBXNativeTarget "lernenUITests" */ = {
			isa = XCConfigurationList;
			buildConfigurations = (
				6BA51C842BA4C3CE00C347AD /* Debug */,
				6BA51C852BA4C3CE00C347AD /* Release */,
			);
			defaultConfigurationIsVisible = 0;
			defaultConfigurationName = Release;
		};
/* End XCConfigurationList section */
	};
	rootObject = 6BA51C4F2BA4C3CD00C347AD /* Project object */;
}
